// !$*UTF8*$!
{
	archiveVersion = 1;
	classes = {
	};
	objectVersion = 56;
	objects = {

/* Begin PBXBuildFile section */
		2728ABC12CAD6B8E0070E11D /* SegmentedControl.swift in Sources */ = {isa = PBXBuildFile; fileRef = 2728ABC02CAD6B8E0070E11D /* SegmentedControl.swift */; };
		2728ABC32CAD6BD80070E11D /* MainScreenView.swift in Sources */ = {isa = PBXBuildFile; fileRef = 2728ABC22CAD6BD80070E11D /* MainScreenView.swift */; };
		2728ABC52CAD6C190070E11D /* SegmentedControlComponent.swift in Sources */ = {isa = PBXBuildFile; fileRef = 2728ABC42CAD6C190070E11D /* SegmentedControlComponent.swift */; };
		274DC0712CB01626009BDC93 /* IdentifiedFoodScreen.swift in Sources */ = {isa = PBXBuildFile; fileRef = 274DC0702CB01626009BDC93 /* IdentifiedFoodScreen.swift */; };
		277903A52CAEBC0700C57A2E /* ScreenScan.swift in Sources */ = {isa = PBXBuildFile; fileRef = 277903A42CAEBC0700C57A2E /* ScreenScan.swift */; };
		277903AA2CAEC27400C57A2E /* CameraViewController.swift in Sources */ = {isa = PBXBuildFile; fileRef = 277903A92CAEC27400C57A2E /* CameraViewController.swift */; };
		2779D08D2CB422E500742DA7 /* CustomButton.swift in Sources */ = {isa = PBXBuildFile; fileRef = 2779D08C2CB422E500742DA7 /* CustomButton.swift */; };
		2E1D7F6F2CBFF05F00B8C9AE /* GridCollectionViewController.swift in Sources */ = {isa = PBXBuildFile; fileRef = 2E1D7F6E2CBFF05F00B8C9AE /* GridCollectionViewController.swift */; };
		2E1D7F732CBFF33F00B8C9AE /* EmojiPickerView.swift in Sources */ = {isa = PBXBuildFile; fileRef = 2E1D7F722CBFF33F00B8C9AE /* EmojiPickerView.swift */; };
		D8017D7D2CAC175100DF28A0 /* FoodModel.swift in Sources */ = {isa = PBXBuildFile; fileRef = D8017D7C2CAC175100DF28A0 /* FoodModel.swift */; };
		D8017D802CAC1D6D00DF28A0 /* AddItemSheet.swift in Sources */ = {isa = PBXBuildFile; fileRef = D8017D7F2CAC1D6D00DF28A0 /* AddItemSheet.swift */; };
		D8017D822CAC261100DF28A0 /* Enums.swift in Sources */ = {isa = PBXBuildFile; fileRef = D8017D812CAC261100DF28A0 /* Enums.swift */; };
		D8017D842CAD8A4500DF28A0 /* ListFood.swift in Sources */ = {isa = PBXBuildFile; fileRef = D8017D832CAD8A4500DF28A0 /* ListFood.swift */; };
		D8E010A52CAAF06D00B3DD9F /* Make_it_GreatApp.swift in Sources */ = {isa = PBXBuildFile; fileRef = D8E010A42CAAF06D00B3DD9F /* Make_it_GreatApp.swift */; };
		D8E010A72CAAF06D00B3DD9F /* ContentView.swift in Sources */ = {isa = PBXBuildFile; fileRef = D8E010A62CAAF06D00B3DD9F /* ContentView.swift */; };
		D8E010A92CAAF06D00B3DD9F /* Item.swift in Sources */ = {isa = PBXBuildFile; fileRef = D8E010A82CAAF06D00B3DD9F /* Item.swift */; };
		D8E010AB2CAAF06E00B3DD9F /* Assets.xcassets in Resources */ = {isa = PBXBuildFile; fileRef = D8E010AA2CAAF06E00B3DD9F /* Assets.xcassets */; };
		D8E010AE2CAAF06E00B3DD9F /* Preview Assets.xcassets in Resources */ = {isa = PBXBuildFile; fileRef = D8E010AD2CAAF06E00B3DD9F /* Preview Assets.xcassets */; };
/* End PBXBuildFile section */

/* Begin PBXFileReference section */
		2728ABC02CAD6B8E0070E11D /* SegmentedControl.swift */ = {isa = PBXFileReference; lastKnownFileType = sourcecode.swift; path = SegmentedControl.swift; sourceTree = "<group>"; };
		2728ABC22CAD6BD80070E11D /* MainScreenView.swift */ = {isa = PBXFileReference; lastKnownFileType = sourcecode.swift; path = MainScreenView.swift; sourceTree = "<group>"; };
		2728ABC42CAD6C190070E11D /* SegmentedControlComponent.swift */ = {isa = PBXFileReference; lastKnownFileType = sourcecode.swift; path = SegmentedControlComponent.swift; sourceTree = "<group>"; };
		274DC0702CB01626009BDC93 /* IdentifiedFoodScreen.swift */ = {isa = PBXFileReference; lastKnownFileType = sourcecode.swift; path = IdentifiedFoodScreen.swift; sourceTree = "<group>"; };
		277903A42CAEBC0700C57A2E /* ScreenScan.swift */ = {isa = PBXFileReference; lastKnownFileType = sourcecode.swift; path = ScreenScan.swift; sourceTree = "<group>"; };
		277903A92CAEC27400C57A2E /* CameraViewController.swift */ = {isa = PBXFileReference; lastKnownFileType = sourcecode.swift; path = CameraViewController.swift; sourceTree = "<group>"; };
		2779D08C2CB422E500742DA7 /* CustomButton.swift */ = {isa = PBXFileReference; lastKnownFileType = sourcecode.swift; path = CustomButton.swift; sourceTree = "<group>"; };
		27F1E26B2CAEE14F00D9DE88 /* Info.plist */ = {isa = PBXFileReference; lastKnownFileType = text.plist; path = Info.plist; sourceTree = "<group>"; };
		2E1D7F6E2CBFF05F00B8C9AE /* GridCollectionViewController.swift */ = {isa = PBXFileReference; lastKnownFileType = sourcecode.swift; path = GridCollectionViewController.swift; sourceTree = "<group>"; };
		2E1D7F722CBFF33F00B8C9AE /* EmojiPickerView.swift */ = {isa = PBXFileReference; lastKnownFileType = sourcecode.swift; path = EmojiPickerView.swift; sourceTree = "<group>"; };
		D8017D7C2CAC175100DF28A0 /* FoodModel.swift */ = {isa = PBXFileReference; lastKnownFileType = sourcecode.swift; path = FoodModel.swift; sourceTree = "<group>"; };
		D8017D7F2CAC1D6D00DF28A0 /* AddItemSheet.swift */ = {isa = PBXFileReference; lastKnownFileType = sourcecode.swift; path = AddItemSheet.swift; sourceTree = "<group>"; };
		D8017D812CAC261100DF28A0 /* Enums.swift */ = {isa = PBXFileReference; lastKnownFileType = sourcecode.swift; path = Enums.swift; sourceTree = "<group>"; };
		D8017D832CAD8A4500DF28A0 /* ListFood.swift */ = {isa = PBXFileReference; lastKnownFileType = sourcecode.swift; path = ListFood.swift; sourceTree = "<group>"; };
		D8E010A12CAAF06D00B3DD9F /* Make-it-Great.app */ = {isa = PBXFileReference; explicitFileType = wrapper.application; includeInIndex = 0; path = "Make-it-Great.app"; sourceTree = BUILT_PRODUCTS_DIR; };
		D8E010A42CAAF06D00B3DD9F /* Make_it_GreatApp.swift */ = {isa = PBXFileReference; lastKnownFileType = sourcecode.swift; path = Make_it_GreatApp.swift; sourceTree = "<group>"; };
		D8E010A62CAAF06D00B3DD9F /* ContentView.swift */ = {isa = PBXFileReference; lastKnownFileType = sourcecode.swift; path = ContentView.swift; sourceTree = "<group>"; };
		D8E010A82CAAF06D00B3DD9F /* Item.swift */ = {isa = PBXFileReference; lastKnownFileType = sourcecode.swift; path = Item.swift; sourceTree = "<group>"; };
		D8E010AA2CAAF06E00B3DD9F /* Assets.xcassets */ = {isa = PBXFileReference; lastKnownFileType = folder.assetcatalog; path = Assets.xcassets; sourceTree = "<group>"; };
		D8E010AD2CAAF06E00B3DD9F /* Preview Assets.xcassets */ = {isa = PBXFileReference; lastKnownFileType = folder.assetcatalog; path = "Preview Assets.xcassets"; sourceTree = "<group>"; };
/* End PBXFileReference section */

/* Begin PBXFrameworksBuildPhase section */
		D8E0109E2CAAF06D00B3DD9F /* Frameworks */ = {
			isa = PBXFrameworksBuildPhase;
			buildActionMask = 2147483647;
			files = (
			);
			runOnlyForDeploymentPostprocessing = 0;
		};
/* End PBXFrameworksBuildPhase section */

/* Begin PBXGroup section */
		2728ABBF2CAD6B010070E11D /* Views */ = {
			isa = PBXGroup;
			children = (
				277903A62CAEC22600C57A2E /* ViewControllers */,
				2728ABC22CAD6BD80070E11D /* MainScreenView.swift */,
				277903A42CAEBC0700C57A2E /* ScreenScan.swift */,
				274DC0702CB01626009BDC93 /* IdentifiedFoodScreen.swift */,
				2E1D7F722CBFF33F00B8C9AE /* EmojiPickerView.swift */,
			);
			path = Views;
			sourceTree = "<group>";
		};
		277903A62CAEC22600C57A2E /* ViewControllers */ = {
			isa = PBXGroup;
			children = (
				277903A92CAEC27400C57A2E /* CameraViewController.swift */,
				2E1D7F6E2CBFF05F00B8C9AE /* GridCollectionViewController.swift */,
			);
			path = ViewControllers;
			sourceTree = "<group>";
		};
		D8017D7B2CAC15C000DF28A0 /* Models */ = {
			isa = PBXGroup;
			children = (
				D8017D7C2CAC175100DF28A0 /* FoodModel.swift */,
				D8017D812CAC261100DF28A0 /* Enums.swift */,
				2728ABC02CAD6B8E0070E11D /* SegmentedControl.swift */,
			);
			path = Models;
			sourceTree = "<group>";
		};
		D8017D7E2CAC1D4C00DF28A0 /* Components */ = {
			isa = PBXGroup;
			children = (
				2728ABC42CAD6C190070E11D /* SegmentedControlComponent.swift */,
				D8017D7F2CAC1D6D00DF28A0 /* AddItemSheet.swift */,
				D8017D832CAD8A4500DF28A0 /* ListFood.swift */,
				2779D08C2CB422E500742DA7 /* CustomButton.swift */,
			);
			path = Components;
			sourceTree = "<group>";
		};
		D8E010982CAAF06D00B3DD9F = {
			isa = PBXGroup;
			children = (
				D8E010A32CAAF06D00B3DD9F /* Make-it-Great */,
				D8E010A22CAAF06D00B3DD9F /* Products */,
			);
			sourceTree = "<group>";
		};
		D8E010A22CAAF06D00B3DD9F /* Products */ = {
			isa = PBXGroup;
			children = (
				D8E010A12CAAF06D00B3DD9F /* Make-it-Great.app */,
			);
			name = Products;
			sourceTree = "<group>";
		};
		D8E010A32CAAF06D00B3DD9F /* Make-it-Great */ = {
			isa = PBXGroup;
			children = (
				27F1E26B2CAEE14F00D9DE88 /* Info.plist */,
				2728ABBF2CAD6B010070E11D /* Views */,
				D8017D7E2CAC1D4C00DF28A0 /* Components */,
				D8017D7B2CAC15C000DF28A0 /* Models */,
				D8E010A42CAAF06D00B3DD9F /* Make_it_GreatApp.swift */,
				D8E010A62CAAF06D00B3DD9F /* ContentView.swift */,
				D8E010A82CAAF06D00B3DD9F /* Item.swift */,
				D8E010AA2CAAF06E00B3DD9F /* Assets.xcassets */,
				D8E010AC2CAAF06E00B3DD9F /* Preview Content */,
			);
			path = "Make-it-Great";
			sourceTree = "<group>";
		};
		D8E010AC2CAAF06E00B3DD9F /* Preview Content */ = {
			isa = PBXGroup;
			children = (
				D8E010AD2CAAF06E00B3DD9F /* Preview Assets.xcassets */,
			);
			path = "Preview Content";
			sourceTree = "<group>";
		};
/* End PBXGroup section */

/* Begin PBXNativeTarget section */
		D8E010A02CAAF06D00B3DD9F /* Make-it-Great */ = {
			isa = PBXNativeTarget;
			buildConfigurationList = D8E010B12CAAF06E00B3DD9F /* Build configuration list for PBXNativeTarget "Make-it-Great" */;
			buildPhases = (
				D8E0109D2CAAF06D00B3DD9F /* Sources */,
				D8E0109E2CAAF06D00B3DD9F /* Frameworks */,
				D8E0109F2CAAF06D00B3DD9F /* Resources */,
			);
			buildRules = (
			);
			dependencies = (
			);
			name = "Make-it-Great";
			productName = "Make-it-Great";
			productReference = D8E010A12CAAF06D00B3DD9F /* Make-it-Great.app */;
			productType = "com.apple.product-type.application";
		};
/* End PBXNativeTarget section */

/* Begin PBXProject section */
		D8E010992CAAF06D00B3DD9F /* Project object */ = {
			isa = PBXProject;
			attributes = {
				BuildIndependentTargetsInParallel = 1;
				LastSwiftUpdateCheck = 1530;
				LastUpgradeCheck = 1530;
				TargetAttributes = {
					D8E010A02CAAF06D00B3DD9F = {
						CreatedOnToolsVersion = 15.3;
					};
				};
			};
			buildConfigurationList = D8E0109C2CAAF06D00B3DD9F /* Build configuration list for PBXProject "Make-it-Great" */;
			compatibilityVersion = "Xcode 14.0";
			developmentRegion = en;
			hasScannedForEncodings = 0;
			knownRegions = (
				en,
				Base,
			);
			mainGroup = D8E010982CAAF06D00B3DD9F;
			productRefGroup = D8E010A22CAAF06D00B3DD9F /* Products */;
			projectDirPath = "";
			projectRoot = "";
			targets = (
				D8E010A02CAAF06D00B3DD9F /* Make-it-Great */,
			);
		};
/* End PBXProject section */

/* Begin PBXResourcesBuildPhase section */
		D8E0109F2CAAF06D00B3DD9F /* Resources */ = {
			isa = PBXResourcesBuildPhase;
			buildActionMask = 2147483647;
			files = (
				D8E010AE2CAAF06E00B3DD9F /* Preview Assets.xcassets in Resources */,
				D8E010AB2CAAF06E00B3DD9F /* Assets.xcassets in Resources */,
			);
			runOnlyForDeploymentPostprocessing = 0;
		};
/* End PBXResourcesBuildPhase section */

/* Begin PBXSourcesBuildPhase section */
		D8E0109D2CAAF06D00B3DD9F /* Sources */ = {
			isa = PBXSourcesBuildPhase;
			buildActionMask = 2147483647;
			files = (
				D8E010A72CAAF06D00B3DD9F /* ContentView.swift in Sources */,
				D8017D842CAD8A4500DF28A0 /* ListFood.swift in Sources */,
				277903A52CAEBC0700C57A2E /* ScreenScan.swift in Sources */,
				D8E010A92CAAF06D00B3DD9F /* Item.swift in Sources */,
				2779D08D2CB422E500742DA7 /* CustomButton.swift in Sources */,
				2E1D7F6F2CBFF05F00B8C9AE /* GridCollectionViewController.swift in Sources */,
				274DC0712CB01626009BDC93 /* IdentifiedFoodScreen.swift in Sources */,
				2728ABC12CAD6B8E0070E11D /* SegmentedControl.swift in Sources */,
				277903AA2CAEC27400C57A2E /* CameraViewController.swift in Sources */,
				D8E010A52CAAF06D00B3DD9F /* Make_it_GreatApp.swift in Sources */,
				D8017D7D2CAC175100DF28A0 /* FoodModel.swift in Sources */,
				D8017D822CAC261100DF28A0 /* Enums.swift in Sources */,
				2728ABC52CAD6C190070E11D /* SegmentedControlComponent.swift in Sources */,
				2E1D7F732CBFF33F00B8C9AE /* EmojiPickerView.swift in Sources */,
				D8017D802CAC1D6D00DF28A0 /* AddItemSheet.swift in Sources */,
				2728ABC32CAD6BD80070E11D /* MainScreenView.swift in Sources */,
			);
			runOnlyForDeploymentPostprocessing = 0;
		};
/* End PBXSourcesBuildPhase section */

/* Begin XCBuildConfiguration section */
		D8E010AF2CAAF06E00B3DD9F /* Debug */ = {
			isa = XCBuildConfiguration;
			buildSettings = {
				ALWAYS_SEARCH_USER_PATHS = NO;
				ASSETCATALOG_COMPILER_GENERATE_SWIFT_ASSET_SYMBOL_EXTENSIONS = YES;
				CLANG_ANALYZER_NONNULL = YES;
				CLANG_ANALYZER_NUMBER_OBJECT_CONVERSION = YES_AGGRESSIVE;
				CLANG_CXX_LANGUAGE_STANDARD = "gnu++20";
				CLANG_ENABLE_MODULES = YES;
				CLANG_ENABLE_OBJC_ARC = YES;
				CLANG_ENABLE_OBJC_WEAK = YES;
				CLANG_WARN_BLOCK_CAPTURE_AUTORELEASING = YES;
				CLANG_WARN_BOOL_CONVERSION = YES;
				CLANG_WARN_COMMA = YES;
				CLANG_WARN_CONSTANT_CONVERSION = YES;
				CLANG_WARN_DEPRECATED_OBJC_IMPLEMENTATIONS = YES;
				CLANG_WARN_DIRECT_OBJC_ISA_USAGE = YES_ERROR;
				CLANG_WARN_DOCUMENTATION_COMMENTS = YES;
				CLANG_WARN_EMPTY_BODY = YES;
				CLANG_WARN_ENUM_CONVERSION = YES;
				CLANG_WARN_INFINITE_RECURSION = YES;
				CLANG_WARN_INT_CONVERSION = YES;
				CLANG_WARN_NON_LITERAL_NULL_CONVERSION = YES;
				CLANG_WARN_OBJC_IMPLICIT_RETAIN_SELF = YES;
				CLANG_WARN_OBJC_LITERAL_CONVERSION = YES;
				CLANG_WARN_OBJC_ROOT_CLASS = YES_ERROR;
				CLANG_WARN_QUOTED_INCLUDE_IN_FRAMEWORK_HEADER = YES;
				CLANG_WARN_RANGE_LOOP_ANALYSIS = YES;
				CLANG_WARN_STRICT_PROTOTYPES = YES;
				CLANG_WARN_SUSPICIOUS_MOVE = YES;
				CLANG_WARN_UNGUARDED_AVAILABILITY = YES_AGGRESSIVE;
				CLANG_WARN_UNREACHABLE_CODE = YES;
				CLANG_WARN__DUPLICATE_METHOD_MATCH = YES;
				COPY_PHASE_STRIP = NO;
				DEBUG_INFORMATION_FORMAT = dwarf;
				ENABLE_STRICT_OBJC_MSGSEND = YES;
				ENABLE_TESTABILITY = YES;
				ENABLE_USER_SCRIPT_SANDBOXING = YES;
				GCC_C_LANGUAGE_STANDARD = gnu17;
				GCC_DYNAMIC_NO_PIC = NO;
				GCC_NO_COMMON_BLOCKS = YES;
				GCC_OPTIMIZATION_LEVEL = 0;
				GCC_PREPROCESSOR_DEFINITIONS = (
					"DEBUG=1",
					"$(inherited)",
				);
				GCC_WARN_64_TO_32_BIT_CONVERSION = YES;
				GCC_WARN_ABOUT_RETURN_TYPE = YES_ERROR;
				GCC_WARN_UNDECLARED_SELECTOR = YES;
				GCC_WARN_UNINITIALIZED_AUTOS = YES_AGGRESSIVE;
				GCC_WARN_UNUSED_FUNCTION = YES;
				GCC_WARN_UNUSED_VARIABLE = YES;
				IPHONEOS_DEPLOYMENT_TARGET = 17.4;
				LOCALIZATION_PREFERS_STRING_CATALOGS = YES;
				MTL_ENABLE_DEBUG_INFO = INCLUDE_SOURCE;
				MTL_FAST_MATH = YES;
				ONLY_ACTIVE_ARCH = YES;
				SDKROOT = iphoneos;
				SWIFT_ACTIVE_COMPILATION_CONDITIONS = "DEBUG $(inherited)";
				SWIFT_OPTIMIZATION_LEVEL = "-Onone";
			};
			name = Debug;
		};
		D8E010B02CAAF06E00B3DD9F /* Release */ = {
			isa = XCBuildConfiguration;
			buildSettings = {
				ALWAYS_SEARCH_USER_PATHS = NO;
				ASSETCATALOG_COMPILER_GENERATE_SWIFT_ASSET_SYMBOL_EXTENSIONS = YES;
				CLANG_ANALYZER_NONNULL = YES;
				CLANG_ANALYZER_NUMBER_OBJECT_CONVERSION = YES_AGGRESSIVE;
				CLANG_CXX_LANGUAGE_STANDARD = "gnu++20";
				CLANG_ENABLE_MODULES = YES;
				CLANG_ENABLE_OBJC_ARC = YES;
				CLANG_ENABLE_OBJC_WEAK = YES;
				CLANG_WARN_BLOCK_CAPTURE_AUTORELEASING = YES;
				CLANG_WARN_BOOL_CONVERSION = YES;
				CLANG_WARN_COMMA = YES;
				CLANG_WARN_CONSTANT_CONVERSION = YES;
				CLANG_WARN_DEPRECATED_OBJC_IMPLEMENTATIONS = YES;
				CLANG_WARN_DIRECT_OBJC_ISA_USAGE = YES_ERROR;
				CLANG_WARN_DOCUMENTATION_COMMENTS = YES;
				CLANG_WARN_EMPTY_BODY = YES;
				CLANG_WARN_ENUM_CONVERSION = YES;
				CLANG_WARN_INFINITE_RECURSION = YES;
				CLANG_WARN_INT_CONVERSION = YES;
				CLANG_WARN_NON_LITERAL_NULL_CONVERSION = YES;
				CLANG_WARN_OBJC_IMPLICIT_RETAIN_SELF = YES;
				CLANG_WARN_OBJC_LITERAL_CONVERSION = YES;
				CLANG_WARN_OBJC_ROOT_CLASS = YES_ERROR;
				CLANG_WARN_QUOTED_INCLUDE_IN_FRAMEWORK_HEADER = YES;
				CLANG_WARN_RANGE_LOOP_ANALYSIS = YES;
				CLANG_WARN_STRICT_PROTOTYPES = YES;
				CLANG_WARN_SUSPICIOUS_MOVE = YES;
				CLANG_WARN_UNGUARDED_AVAILABILITY = YES_AGGRESSIVE;
				CLANG_WARN_UNREACHABLE_CODE = YES;
				CLANG_WARN__DUPLICATE_METHOD_MATCH = YES;
				COPY_PHASE_STRIP = NO;
				DEBUG_INFORMATION_FORMAT = "dwarf-with-dsym";
				ENABLE_NS_ASSERTIONS = NO;
				ENABLE_STRICT_OBJC_MSGSEND = YES;
				ENABLE_USER_SCRIPT_SANDBOXING = YES;
				GCC_C_LANGUAGE_STANDARD = gnu17;
				GCC_NO_COMMON_BLOCKS = YES;
				GCC_WARN_64_TO_32_BIT_CONVERSION = YES;
				GCC_WARN_ABOUT_RETURN_TYPE = YES_ERROR;
				GCC_WARN_UNDECLARED_SELECTOR = YES;
				GCC_WARN_UNINITIALIZED_AUTOS = YES_AGGRESSIVE;
				GCC_WARN_UNUSED_FUNCTION = YES;
				GCC_WARN_UNUSED_VARIABLE = YES;
				IPHONEOS_DEPLOYMENT_TARGET = 17.4;
				LOCALIZATION_PREFERS_STRING_CATALOGS = YES;
				MTL_ENABLE_DEBUG_INFO = NO;
				MTL_FAST_MATH = YES;
				SDKROOT = iphoneos;
				SWIFT_COMPILATION_MODE = wholemodule;
				VALIDATE_PRODUCT = YES;
			};
			name = Release;
		};
		D8E010B22CAAF06E00B3DD9F /* Debug */ = {
			isa = XCBuildConfiguration;
			buildSettings = {
				ASSETCATALOG_COMPILER_APPICON_NAME = AppIcon;
				ASSETCATALOG_COMPILER_GLOBAL_ACCENT_COLOR_NAME = AccentColor;
				CODE_SIGN_STYLE = Automatic;
				CURRENT_PROJECT_VERSION = 1;
				DEVELOPMENT_ASSET_PATHS = "\"Make-it-Great/Preview Content\"";
				DEVELOPMENT_TEAM = SC39NXXQ99;
				ENABLE_PREVIEWS = YES;
				GENERATE_INFOPLIST_FILE = YES;
				INFOPLIST_FILE = "Make-it-Great/Info.plist";
				INFOPLIST_KEY_NSCameraUsageDescription = "";
				INFOPLIST_KEY_UIApplicationSceneManifest_Generation = YES;
				INFOPLIST_KEY_UIApplicationSupportsIndirectInputEvents = YES;
				INFOPLIST_KEY_UILaunchScreen_Generation = YES;
				INFOPLIST_KEY_UISupportedInterfaceOrientations_iPad = "UIInterfaceOrientationPortrait UIInterfaceOrientationPortraitUpsideDown UIInterfaceOrientationLandscapeLeft UIInterfaceOrientationLandscapeRight";
				INFOPLIST_KEY_UISupportedInterfaceOrientations_iPhone = "UIInterfaceOrientationPortrait UIInterfaceOrientationLandscapeLeft UIInterfaceOrientationLandscapeRight";
				LD_RUNPATH_SEARCH_PATHS = (
					"$(inherited)",
					"@executable_path/Frameworks",
				);
				MARKETING_VERSION = 1.0;
				PRODUCT_BUNDLE_IDENTIFIER = "network-challenge.Make-it-Great";
				PRODUCT_NAME = "$(TARGET_NAME)";
				SWIFT_EMIT_LOC_STRINGS = YES;
				SWIFT_VERSION = 5.0;
				TARGETED_DEVICE_FAMILY = "1,2";
			};
			name = Debug;
		};
		D8E010B32CAAF06E00B3DD9F /* Release */ = {
			isa = XCBuildConfiguration;
			buildSettings = {
				ASSETCATALOG_COMPILER_APPICON_NAME = AppIcon;
				ASSETCATALOG_COMPILER_GLOBAL_ACCENT_COLOR_NAME = AccentColor;
				CODE_SIGN_STYLE = Automatic;
				CURRENT_PROJECT_VERSION = 1;
				DEVELOPMENT_ASSET_PATHS = "\"Make-it-Great/Preview Content\"";
				DEVELOPMENT_TEAM = SC39NXXQ99;
				ENABLE_PREVIEWS = YES;
				GENERATE_INFOPLIST_FILE = YES;
				INFOPLIST_FILE = "Make-it-Great/Info.plist";
				INFOPLIST_KEY_NSCameraUsageDescription = "";
				INFOPLIST_KEY_UIApplicationSceneManifest_Generation = YES;
				INFOPLIST_KEY_UIApplicationSupportsIndirectInputEvents = YES;
				INFOPLIST_KEY_UILaunchScreen_Generation = YES;
				INFOPLIST_KEY_UISupportedInterfaceOrientations_iPad = "UIInterfaceOrientationPortrait UIInterfaceOrientationPortraitUpsideDown UIInterfaceOrientationLandscapeLeft UIInterfaceOrientationLandscapeRight";
				INFOPLIST_KEY_UISupportedInterfaceOrientations_iPhone = "UIInterfaceOrientationPortrait UIInterfaceOrientationLandscapeLeft UIInterfaceOrientationLandscapeRight";
				LD_RUNPATH_SEARCH_PATHS = (
					"$(inherited)",
					"@executable_path/Frameworks",
				);
				MARKETING_VERSION = 1.0;
				PRODUCT_BUNDLE_IDENTIFIER = "network-challenge.Make-it-Great";
				PRODUCT_NAME = "$(TARGET_NAME)";
				SWIFT_EMIT_LOC_STRINGS = YES;
				SWIFT_VERSION = 5.0;
				TARGETED_DEVICE_FAMILY = "1,2";
			};
			name = Release;
		};
/* End XCBuildConfiguration section */

/* Begin XCConfigurationList section */
		D8E0109C2CAAF06D00B3DD9F /* Build configuration list for PBXProject "Make-it-Great" */ = {
			isa = XCConfigurationList;
			buildConfigurations = (
				D8E010AF2CAAF06E00B3DD9F /* Debug */,
				D8E010B02CAAF06E00B3DD9F /* Release */,
			);
			defaultConfigurationIsVisible = 0;
			defaultConfigurationName = Release;
		};
		D8E010B12CAAF06E00B3DD9F /* Build configuration list for PBXNativeTarget "Make-it-Great" */ = {
			isa = XCConfigurationList;
			buildConfigurations = (
				D8E010B22CAAF06E00B3DD9F /* Debug */,
				D8E010B32CAAF06E00B3DD9F /* Release */,
			);
			defaultConfigurationIsVisible = 0;
			defaultConfigurationName = Release;
		};
/* End XCConfigurationList section */
	};
	rootObject = D8E010992CAAF06D00B3DD9F /* Project object */;
}
